
Microsoft Visual Studio Solution File, Format Version 12.00
# Visual Studio 15
VisualStudioVersion = 15.0.27428.2043
MinimumVisualStudioVersion = 10.0.40219.1
Project("{FAE04EC0-301F-11D3-BF4B-00C04F79EFBC}") = "PopUps.Android", "PopUps\PopUps.Android\PopUps.Android.csproj", "{76D64EC5-E6E6-4E8D-A150-CC849B81BD19}"
EndProject
Project("{FAE04EC0-301F-11D3-BF4B-00C04F79EFBC}") = "PopUps.iOS", "PopUps\PopUps.iOS\PopUps.iOS.csproj", "{66AD862F-9193-4E00-9957-22387F3FB2C7}"
EndProject
Project("{FAE04EC0-301F-11D3-BF4B-00C04F79EFBC}") = "PopUps.UWP", "PopUps\PopUps.UWP\PopUps.UWP.csproj", "{2CAE728A-53BB-4D50-A3BB-FA15CB10DE26}"
EndProject
Project("{FAE04EC0-301F-11D3-BF4B-00C04F79EFBC}") = "PopUps", "PopUps\PopUps\PopUps.csproj", "{53A12203-2899-40B2-A181-E473348028EE}"
EndProject
Global
	GlobalSection(SolutionConfigurationPlatforms) = preSolution
		Ad-Hoc|Any CPU = Ad-Hoc|Any CPU
		Ad-Hoc|ARM = Ad-Hoc|ARM
		Ad-Hoc|iPhone = Ad-Hoc|iPhone
		Ad-Hoc|iPhoneSimulator = Ad-Hoc|iPhoneSimulator
		Ad-Hoc|x64 = Ad-Hoc|x64
		Ad-Hoc|x86 = Ad-Hoc|x86
		AppStore|Any CPU = AppStore|Any CPU
		AppStore|ARM = AppStore|ARM
		AppStore|iPhone = AppStore|iPhone
		AppStore|iPhoneSimulator = AppStore|iPhoneSimulator
		AppStore|x64 = AppStore|x64
		AppStore|x86 = AppStore|x86
		Debug|Any CPU = Debug|Any CPU
		Debug|ARM = Debug|ARM
		Debug|iPhone = Debug|iPhone
		Debug|iPhoneSimulator = Debug|iPhoneSimulator
		Debug|x64 = Debug|x64
		Debug|x86 = Debug|x86
		Release|Any CPU = Release|Any CPU
		Release|ARM = Release|ARM
		Release|iPhone = Release|iPhone
		Release|iPhoneSimulator = Release|iPhoneSimulator
		Release|x64 = Release|x64
		Release|x86 = Release|x86
	EndGlobalSection
	GlobalSection(ProjectConfigurationPlatforms) = postSolution
		{76D64EC5-E6E6-4E8D-A150-CC849B81BD19}.Ad-Hoc|Any CPU.ActiveCfg = Release|Any CPU
		{76D64EC5-E6E6-4E8D-A150-CC849B81BD19}.Ad-Hoc|Any CPU.Build.0 = Release|Any CPU
		{76D64EC5-E6E6-4E8D-A150-CC849B81BD19}.Ad-Hoc|Any CPU.Deploy.0 = Release|Any CPU
		{76D64EC5-E6E6-4E8D-A150-CC849B81BD19}.Ad-Hoc|ARM.ActiveCfg = Release|Any CPU
		{76D64EC5-E6E6-4E8D-A150-CC849B81BD19}.Ad-Hoc|ARM.Build.0 = Release|Any CPU
		{76D64EC5-E6E6-4E8D-A150-CC849B81BD19}.Ad-Hoc|ARM.Deploy.0 = Release|Any CPU
		{76D64EC5-E6E6-4E8D-A150-CC849B81BD19}.Ad-Hoc|iPhone.ActiveCfg = Release|Any CPU
		{76D64EC5-E6E6-4E8D-A150-CC849B81BD19}.Ad-Hoc|iPhone.Build.0 = Release|Any CPU
		{76D64EC5-E6E6-4E8D-A150-CC849B81BD19}.Ad-Hoc|iPhone.Deploy.0 = Release|Any CPU
		{76D64EC5-E6E6-4E8D-A150-CC849B81BD19}.Ad-Hoc|iPhoneSimulator.ActiveCfg = Release|Any CPU
		{76D64EC5-E6E6-4E8D-A150-CC849B81BD19}.Ad-Hoc|iPhoneSimulator.Build.0 = Release|Any CPU
		{76D64EC5-E6E6-4E8D-A150-CC849B81BD19}.Ad-Hoc|iPhoneSimulator.Deploy.0 = Release|Any CPU
		{76D64EC5-E6E6-4E8D-A150-CC849B81BD19}.Ad-Hoc|x64.ActiveCfg = Release|Any CPU
		{76D64EC5-E6E6-4E8D-A150-CC849B81BD19}.Ad-Hoc|x64.Build.0 = Release|Any CPU
		{76D64EC5-E6E6-4E8D-A150-CC849B81BD19}.Ad-Hoc|x64.Deploy.0 = Release|Any CPU
		{76D64EC5-E6E6-4E8D-A150-CC849B81BD19}.Ad-Hoc|x86.ActiveCfg = Release|Any CPU
		{76D64EC5-E6E6-4E8D-A150-CC849B81BD19}.Ad-Hoc|x86.Build.0 = Release|Any CPU
		{76D64EC5-E6E6-4E8D-A150-CC849B81BD19}.Ad-Hoc|x86.Deploy.0 = Release|Any CPU
		{76D64EC5-E6E6-4E8D-A150-CC849B81BD19}.AppStore|Any CPU.ActiveCfg = Release|Any CPU
		{76D64EC5-E6E6-4E8D-A150-CC849B81BD19}.AppStore|Any CPU.Build.0 = Release|Any CPU
		{76D64EC5-E6E6-4E8D-A150-CC849B81BD19}.AppStore|Any CPU.Deploy.0 = Release|Any CPU
		{76D64EC5-E6E6-4E8D-A150-CC849B81BD19}.AppStore|ARM.ActiveCfg = Release|Any CPU
		{76D64EC5-E6E6-4E8D-A150-CC849B81BD19}.AppStore|ARM.Build.0 = Release|Any CPU
		{76D64EC5-E6E6-4E8D-A150-CC849B81BD19}.AppStore|ARM.Deploy.0 = Release|Any CPU
		{76D64EC5-E6E6-4E8D-A150-CC849B81BD19}.AppStore|iPhone.ActiveCfg = Release|Any CPU
		{76D64EC5-E6E6-4E8D-A150-CC849B81BD19}.AppStore|iPhone.Build.0 = Release|Any CPU
		{76D64EC5-E6E6-4E8D-A150-CC849B81BD19}.AppStore|iPhone.Deploy.0 = Release|Any CPU
		{76D64EC5-E6E6-4E8D-A150-CC849B81BD19}.AppStore|iPhoneSimulator.ActiveCfg = Release|Any CPU
		{76D64EC5-E6E6-4E8D-A150-CC849B81BD19}.AppStore|iPhoneSimulator.Build.0 = Release|Any CPU
		{76D64EC5-E6E6-4E8D-A150-CC849B81BD19}.AppStore|iPhoneSimulator.Deploy.0 = Release|Any CPU
		{76D64EC5-E6E6-4E8D-A150-CC849B81BD19}.AppStore|x64.ActiveCfg = Release|Any CPU
		{76D64EC5-E6E6-4E8D-A150-CC849B81BD19}.AppStore|x64.Build.0 = Release|Any CPU
		{76D64EC5-E6E6-4E8D-A150-CC849B81BD19}.AppStore|x64.Deploy.0 = Release|Any CPU
		{76D64EC5-E6E6-4E8D-A150-CC849B81BD19}.AppStore|x86.ActiveCfg = Release|Any CPU
		{76D64EC5-E6E6-4E8D-A150-CC849B81BD19}.AppStore|x86.Build.0 = Release|Any CPU
		{76D64EC5-E6E6-4E8D-A150-CC849B81BD19}.AppStore|x86.Deploy.0 = Release|Any CPU
		{76D64EC5-E6E6-4E8D-A150-CC849B81BD19}.Debug|Any CPU.ActiveCfg = Debug|Any CPU
		{76D64EC5-E6E6-4E8D-A150-CC849B81BD19}.Debug|Any CPU.Build.0 = Debug|Any CPU
		{76D64EC5-E6E6-4E8D-A150-CC849B81BD19}.Debug|Any CPU.Deploy.0 = Debug|Any CPU
		{76D64EC5-E6E6-4E8D-A150-CC849B81BD19}.Debug|ARM.ActiveCfg = Debug|Any CPU
		{76D64EC5-E6E6-4E8D-A150-CC849B81BD19}.Debug|ARM.Build.0 = Debug|Any CPU
		{76D64EC5-E6E6-4E8D-A150-CC849B81BD19}.Debug|ARM.Deploy.0 = Debug|Any CPU
		{76D64EC5-E6E6-4E8D-A150-CC849B81BD19}.Debug|iPhone.ActiveCfg = Debug|Any CPU
		{76D64EC5-E6E6-4E8D-A150-CC849B81BD19}.Debug|iPhone.Build.0 = Debug|Any CPU
		{76D64EC5-E6E6-4E8D-A150-CC849B81BD19}.Debug|iPhone.Deploy.0 = Debug|Any CPU
		{76D64EC5-E6E6-4E8D-A150-CC849B81BD19}.Debug|iPhoneSimulator.ActiveCfg = Debug|Any CPU
		{76D64EC5-E6E6-4E8D-A150-CC849B81BD19}.Debug|iPhoneSimulator.Build.0 = Debug|Any CPU
		{76D64EC5-E6E6-4E8D-A150-CC849B81BD19}.Debug|iPhoneSimulator.Deploy.0 = Debug|Any CPU
		{76D64EC5-E6E6-4E8D-A150-CC849B81BD19}.Debug|x64.ActiveCfg = Debug|Any CPU
		{76D64EC5-E6E6-4E8D-A150-CC849B81BD19}.Debug|x64.Build.0 = Debug|Any CPU
		{76D64EC5-E6E6-4E8D-A150-CC849B81BD19}.Debug|x64.Deploy.0 = Debug|Any CPU
		{76D64EC5-E6E6-4E8D-A150-CC849B81BD19}.Debug|x86.ActiveCfg = Debug|Any CPU
		{76D64EC5-E6E6-4E8D-A150-CC849B81BD19}.Debug|x86.Build.0 = Debug|Any CPU
		{76D64EC5-E6E6-4E8D-A150-CC849B81BD19}.Debug|x86.Deploy.0 = Debug|Any CPU
		{76D64EC5-E6E6-4E8D-A150-CC849B81BD19}.Release|Any CPU.ActiveCfg = Release|Any CPU
		{76D64EC5-E6E6-4E8D-A150-CC849B81BD19}.Release|Any CPU.Build.0 = Release|Any CPU
		{76D64EC5-E6E6-4E8D-A150-CC849B81BD19}.Release|Any CPU.Deploy.0 = Release|Any CPU
		{76D64EC5-E6E6-4E8D-A150-CC849B81BD19}.Release|ARM.ActiveCfg = Release|Any CPU
		{76D64EC5-E6E6-4E8D-A150-CC849B81BD19}.Release|ARM.Build.0 = Release|Any CPU
		{76D64EC5-E6E6-4E8D-A150-CC849B81BD19}.Release|ARM.Deploy.0 = Release|Any CPU
		{76D64EC5-E6E6-4E8D-A150-CC849B81BD19}.Release|iPhone.ActiveCfg = Release|Any CPU
		{76D64EC5-E6E6-4E8D-A150-CC849B81BD19}.Release|iPhone.Build.0 = Release|Any CPU
		{76D64EC5-E6E6-4E8D-A150-CC849B81BD19}.Release|iPhone.Deploy.0 = Release|Any CPU
		{76D64EC5-E6E6-4E8D-A150-CC849B81BD19}.Release|iPhoneSimulator.ActiveCfg = Release|Any CPU
		{76D64EC5-E6E6-4E8D-A150-CC849B81BD19}.Release|iPhoneSimulator.Build.0 = Release|Any CPU
		{76D64EC5-E6E6-4E8D-A150-CC849B81BD19}.Release|iPhoneSimulator.Deploy.0 = Release|Any CPU
		{76D64EC5-E6E6-4E8D-A150-CC849B81BD19}.Release|x64.ActiveCfg = Release|Any CPU
		{76D64EC5-E6E6-4E8D-A150-CC849B81BD19}.Release|x64.Build.0 = Release|Any CPU
		{76D64EC5-E6E6-4E8D-A150-CC849B81BD19}.Release|x64.Deploy.0 = Release|Any CPU
		{76D64EC5-E6E6-4E8D-A150-CC849B81BD19}.Release|x86.ActiveCfg = Release|Any CPU
		{76D64EC5-E6E6-4E8D-A150-CC849B81BD19}.Release|x86.Build.0 = Release|Any CPU
		{76D64EC5-E6E6-4E8D-A150-CC849B81BD19}.Release|x86.Deploy.0 = Release|Any CPU
		{66AD862F-9193-4E00-9957-22387F3FB2C7}.Ad-Hoc|Any CPU.ActiveCfg = Ad-Hoc|iPhone
		{66AD862F-9193-4E00-9957-22387F3FB2C7}.Ad-Hoc|ARM.ActiveCfg = Ad-Hoc|iPhone
		{66AD862F-9193-4E00-9957-22387F3FB2C7}.Ad-Hoc|iPhone.ActiveCfg = Ad-Hoc|iPhone
		{66AD862F-9193-4E00-9957-22387F3FB2C7}.Ad-Hoc|iPhone.Build.0 = Ad-Hoc|iPhone
		{66AD862F-9193-4E00-9957-22387F3FB2C7}.Ad-Hoc|iPhoneSimulator.ActiveCfg = Ad-Hoc|iPhoneSimulator
		{66AD862F-9193-4E00-9957-22387F3FB2C7}.Ad-Hoc|iPhoneSimulator.Build.0 = Ad-Hoc|iPhoneSimulator
		{66AD862F-9193-4E00-9957-22387F3FB2C7}.Ad-Hoc|x64.ActiveCfg = Ad-Hoc|iPhone
		{66AD862F-9193-4E00-9957-22387F3FB2C7}.Ad-Hoc|x86.ActiveCfg = Ad-Hoc|iPhone
		{66AD862F-9193-4E00-9957-22387F3FB2C7}.AppStore|Any CPU.ActiveCfg = AppStore|iPhone
		{66AD862F-9193-4E00-9957-22387F3FB2C7}.AppStore|ARM.ActiveCfg = AppStore|iPhone
		{66AD862F-9193-4E00-9957-22387F3FB2C7}.AppStore|iPhone.ActiveCfg = AppStore|iPhone
		{66AD862F-9193-4E00-9957-22387F3FB2C7}.AppStore|iPhone.Build.0 = AppStore|iPhone
		{66AD862F-9193-4E00-9957-22387F3FB2C7}.AppStore|iPhoneSimulator.ActiveCfg = AppStore|iPhoneSimulator
		{66AD862F-9193-4E00-9957-22387F3FB2C7}.AppStore|iPhoneSimulator.Build.0 = AppStore|iPhoneSimulator
		{66AD862F-9193-4E00-9957-22387F3FB2C7}.AppStore|x64.ActiveCfg = AppStore|iPhone
		{66AD862F-9193-4E00-9957-22387F3FB2C7}.AppStore|x86.ActiveCfg = AppStore|iPhone
		{66AD862F-9193-4E00-9957-22387F3FB2C7}.Debug|Any CPU.ActiveCfg = Debug|iPhone
		{66AD862F-9193-4E00-9957-22387F3FB2C7}.Debug|ARM.ActiveCfg = Debug|iPhone
		{66AD862F-9193-4E00-9957-22387F3FB2C7}.Debug|iPhone.ActiveCfg = Debug|iPhone
		{66AD862F-9193-4E00-9957-22387F3FB2C7}.Debug|iPhone.Build.0 = Debug|iPhone
		{66AD862F-9193-4E00-9957-22387F3FB2C7}.Debug|iPhoneSimulator.ActiveCfg = Debug|iPhoneSimulator
		{66AD862F-9193-4E00-9957-22387F3FB2C7}.Debug|iPhoneSimulator.Build.0 = Debug|iPhoneSimulator
		{66AD862F-9193-4E00-9957-22387F3FB2C7}.Debug|x64.ActiveCfg = Debug|iPhone
		{66AD862F-9193-4E00-9957-22387F3FB2C7}.Debug|x86.ActiveCfg = Debug|iPhone
		{66AD862F-9193-4E00-9957-22387F3FB2C7}.Release|Any CPU.ActiveCfg = Release|iPhone
		{66AD862F-9193-4E00-9957-22387F3FB2C7}.Release|ARM.ActiveCfg = Release|iPhone
		{66AD862F-9193-4E00-9957-22387F3FB2C7}.Release|iPhone.ActiveCfg = Release|iPhone
		{66AD862F-9193-4E00-9957-22387F3FB2C7}.Release|iPhone.Build.0 = Release|iPhone
		{66AD862F-9193-4E00-9957-22387F3FB2C7}.Release|iPhoneSimulator.ActiveCfg = Release|iPhoneSimulator
		{66AD862F-9193-4E00-9957-22387F3FB2C7}.Release|iPhoneSimulator.Build.0 = Release|iPhoneSimulator
		{66AD862F-9193-4E00-9957-22387F3FB2C7}.Release|x64.ActiveCfg = Release|iPhone
		{66AD862F-9193-4E00-9957-22387F3FB2C7}.Release|x86.ActiveCfg = Release|iPhone
		{2CAE728A-53BB-4D50-A3BB-FA15CB10DE26}.Ad-Hoc|Any CPU.ActiveCfg = Release|x86
		{2CAE728A-53BB-4D50-A3BB-FA15CB10DE26}.Ad-Hoc|Any CPU.Build.0 = Release|x86
		{2CAE728A-53BB-4D50-A3BB-FA15CB10DE26}.Ad-Hoc|Any CPU.Deploy.0 = Release|x86
		{2CAE728A-53BB-4D50-A3BB-FA15CB10DE26}.Ad-Hoc|ARM.ActiveCfg = Release|ARM
		{2CAE728A-53BB-4D50-A3BB-FA15CB10DE26}.Ad-Hoc|ARM.Build.0 = Release|ARM
		{2CAE728A-53BB-4D50-A3BB-FA15CB10DE26}.Ad-Hoc|ARM.Deploy.0 = Release|ARM
		{2CAE728A-53BB-4D50-A3BB-FA15CB10DE26}.Ad-Hoc|iPhone.ActiveCfg = Release|x86
		{2CAE728A-53BB-4D50-A3BB-FA15CB10DE26}.Ad-Hoc|iPhone.Build.0 = Release|x86
		{2CAE728A-53BB-4D50-A3BB-FA15CB10DE26}.Ad-Hoc|iPhone.Deploy.0 = Release|x86
		{2CAE728A-53BB-4D50-A3BB-FA15CB10DE26}.Ad-Hoc|iPhoneSimulator.ActiveCfg = Release|x86
		{2CAE728A-53BB-4D50-A3BB-FA15CB10DE26}.Ad-Hoc|iPhoneSimulator.Build.0 = Release|x86
		{2CAE728A-53BB-4D50-A3BB-FA15CB10DE26}.Ad-Hoc|iPhoneSimulator.Deploy.0 = Release|x86
		{2CAE728A-53BB-4D50-A3BB-FA15CB10DE26}.Ad-Hoc|x64.ActiveCfg = Release|x64
		{2CAE728A-53BB-4D50-A3BB-FA15CB10DE26}.Ad-Hoc|x64.Build.0 = Release|x64
		{2CAE728A-53BB-4D50-A3BB-FA15CB10DE26}.Ad-Hoc|x64.Deploy.0 = Release|x64
		{2CAE728A-53BB-4D50-A3BB-FA15CB10DE26}.Ad-Hoc|x86.ActiveCfg = Release|x86
		{2CAE728A-53BB-4D50-A3BB-FA15CB10DE26}.Ad-Hoc|x86.Build.0 = Release|x86
		{2CAE728A-53BB-4D50-A3BB-FA15CB10DE26}.Ad-Hoc|x86.Deploy.0 = Release|x86
		{2CAE728A-53BB-4D50-A3BB-FA15CB10DE26}.AppStore|Any CPU.ActiveCfg = Release|x86
		{2CAE728A-53BB-4D50-A3BB-FA15CB10DE26}.AppStore|Any CPU.Build.0 = Release|x86
		{2CAE728A-53BB-4D50-A3BB-FA15CB10DE26}.AppStore|Any CPU.Deploy.0 = Release|x86
		{2CAE728A-53BB-4D50-A3BB-FA15CB10DE26}.AppStore|ARM.ActiveCfg = Release|ARM
		{2CAE728A-53BB-4D50-A3BB-FA15CB10DE26}.AppStore|ARM.Build.0 = Release|ARM
		{2CAE728A-53BB-4D50-A3BB-FA15CB10DE26}.AppStore|ARM.Deploy.0 = Release|ARM
		{2CAE728A-53BB-4D50-A3BB-FA15CB10DE26}.AppStore|iPhone.ActiveCfg = Release|x86
		{2CAE728A-53BB-4D50-A3BB-FA15CB10DE26}.AppStore|iPhone.Build.0 = Release|x86
		{2CAE728A-53BB-4D50-A3BB-FA15CB10DE26}.AppStore|iPhone.Deploy.0 = Release|x86
		{2CAE728A-53BB-4D50-A3BB-FA15CB10DE26}.AppStore|iPhoneSimulator.ActiveCfg = Release|x86
		{2CAE728A-53BB-4D50-A3BB-FA15CB10DE26}.AppStore|iPhoneSimulator.Build.0 = Release|x86
		{2CAE728A-53BB-4D50-A3BB-FA15CB10DE26}.AppStore|iPhoneSimulator.Deploy.0 = Release|x86
		{2CAE728A-53BB-4D50-A3BB-FA15CB10DE26}.AppStore|x64.ActiveCfg = Release|x64
		{2CAE728A-53BB-4D50-A3BB-FA15CB10DE26}.AppStore|x64.Build.0 = Release|x64
		{2CAE728A-53BB-4D50-A3BB-FA15CB10DE26}.AppStore|x64.Deploy.0 = Release|x64
		{2CAE728A-53BB-4D50-A3BB-FA15CB10DE26}.AppStore|x86.ActiveCfg = Release|x86
		{2CAE728A-53BB-4D50-A3BB-FA15CB10DE26}.AppStore|x86.Build.0 = Release|x86
		{2CAE728A-53BB-4D50-A3BB-FA15CB10DE26}.AppStore|x86.Deploy.0 = Release|x86
		{2CAE728A-53BB-4D50-A3BB-FA15CB10DE26}.Debug|Any CPU.ActiveCfg = Debug|x86
		{2CAE728A-53BB-4D50-A3BB-FA15CB10DE26}.Debug|ARM.ActiveCfg = Debug|ARM
		{2CAE728A-53BB-4D50-A3BB-FA15CB10DE26}.Debug|ARM.Build.0 = Debug|ARM
		{2CAE728A-53BB-4D50-A3BB-FA15CB10DE26}.Debug|ARM.Deploy.0 = Debug|ARM
		{2CAE728A-53BB-4D50-A3BB-FA15CB10DE26}.Debug|iPhone.ActiveCfg = Debug|x86
		{2CAE728A-53BB-4D50-A3BB-FA15CB10DE26}.Debug|iPhoneSimulator.ActiveCfg = Debug|x86
		{2CAE728A-53BB-4D50-A3BB-FA15CB10DE26}.Debug|x64.ActiveCfg = Debug|x64
		{2CAE728A-53BB-4D50-A3BB-FA15CB10DE26}.Debug|x64.Build.0 = Debug|x64
		{2CAE728A-53BB-4D50-A3BB-FA15CB10DE26}.Debug|x64.Deploy.0 = Debug|x64
		{2CAE728A-53BB-4D50-A3BB-FA15CB10DE26}.Debug|x86.ActiveCfg = Debug|x86
		{2CAE728A-53BB-4D50-A3BB-FA15CB10DE26}.Debug|x86.Build.0 = Debug|x86
		{2CAE728A-53BB-4D50-A3BB-FA15CB10DE26}.Debug|x86.Deploy.0 = Debug|x86
		{2CAE728A-53BB-4D50-A3BB-FA15CB10DE26}.Release|Any CPU.ActiveCfg = Release|x86
		{2CAE728A-53BB-4D50-A3BB-FA15CB10DE26}.Release|ARM.ActiveCfg = Release|ARM
		{2CAE728A-53BB-4D50-A3BB-FA15CB10DE26}.Release|ARM.Build.0 = Release|ARM
		{2CAE728A-53BB-4D50-A3BB-FA15CB10DE26}.Release|ARM.Deploy.0 = Release|ARM
		{2CAE728A-53BB-4D50-A3BB-FA15CB10DE26}.Release|iPhone.ActiveCfg = Release|x86
		{2CAE728A-53BB-4D50-A3BB-FA15CB10DE26}.Release|iPhoneSimulator.ActiveCfg = Release|x86
		{2CAE728A-53BB-4D50-A3BB-FA15CB10DE26}.Release|x64.ActiveCfg = Release|x64
		{2CAE728A-53BB-4D50-A3BB-FA15CB10DE26}.Release|x64.Build.0 = Release|x64
		{2CAE728A-53BB-4D50-A3BB-FA15CB10DE26}.Release|x64.Deploy.0 = Release|x64
		{2CAE728A-53BB-4D50-A3BB-FA15CB10DE26}.Release|x86.ActiveCfg = Release|x86
		{2CAE728A-53BB-4D50-A3BB-FA15CB10DE26}.Release|x86.Build.0 = Release|x86
		{2CAE728A-53BB-4D50-A3BB-FA15CB10DE26}.Release|x86.Deploy.0 = Release|x86
		{53A12203-2899-40B2-A181-E473348028EE}.Ad-Hoc|Any CPU.ActiveCfg = Debug|Any CPU
		{53A12203-2899-40B2-A181-E473348028EE}.Ad-Hoc|Any CPU.Build.0 = Debug|Any CPU
		{53A12203-2899-40B2-A181-E473348028EE}.Ad-Hoc|ARM.ActiveCfg = Debug|Any CPU
		{53A12203-2899-40B2-A181-E473348028EE}.Ad-Hoc|ARM.Build.0 = Debug|Any CPU
		{53A12203-2899-40B2-A181-E473348028EE}.Ad-Hoc|iPhone.ActiveCfg = Debug|Any CPU
		{53A12203-2899-40B2-A181-E473348028EE}.Ad-Hoc|iPhone.Build.0 = Debug|Any CPU
		{53A12203-2899-40B2-A181-E473348028EE}.Ad-Hoc|iPhoneSimulator.ActiveCfg = Debug|Any CPU
		{53A12203-2899-40B2-A181-E473348028EE}.Ad-Hoc|iPhoneSimulator.Build.0 = Debug|Any CPU
		{53A12203-2899-40B2-A181-E473348028EE}.Ad-Hoc|x64.ActiveCfg = Debug|Any CPU
		{53A12203-2899-40B2-A181-E473348028EE}.Ad-Hoc|x64.Build.0 = Debug|Any CPU
		{53A12203-2899-40B2-A181-E473348028EE}.Ad-Hoc|x86.ActiveCfg = Debug|Any CPU
		{53A12203-2899-40B2-A181-E473348028EE}.Ad-Hoc|x86.Build.0 = Debug|Any CPU
		{53A12203-2899-40B2-A181-E473348028EE}.AppStore|Any CPU.ActiveCfg = Debug|Any CPU
		{53A12203-2899-40B2-A181-E473348028EE}.AppStore|Any CPU.Build.0 = Debug|Any CPU
		{53A12203-2899-40B2-A181-E473348028EE}.AppStore|ARM.ActiveCfg = Debug|Any CPU
		{53A12203-2899-40B2-A181-E473348028EE}.AppStore|ARM.Build.0 = Debug|Any CPU
		{53A12203-2899-40B2-A181-E473348028EE}.AppStore|iPhone.ActiveCfg = Debug|Any CPU
		{53A12203-2899-40B2-A181-E473348028EE}.AppStore|iPhone.Build.0 = Debug|Any CPU
		{53A12203-2899-40B2-A181-E473348028EE}.AppStore|iPhoneSimulator.ActiveCfg = Debug|Any CPU
		{53A12203-2899-40B2-A181-E473348028EE}.AppStore|iPhoneSimulator.Build.0 = Debug|Any CPU
		{53A12203-2899-40B2-A181-E473348028EE}.AppStore|x64.ActiveCfg = Debug|Any CPU
		{53A12203-2899-40B2-A181-E473348028EE}.AppStore|x64.Build.0 = Debug|Any CPU
		{53A12203-2899-40B2-A181-E473348028EE}.AppStore|x86.ActiveCfg = Debug|Any CPU
		{53A12203-2899-40B2-A181-E473348028EE}.AppStore|x86.Build.0 = Debug|Any CPU
		{53A12203-2899-40B2-A181-E473348028EE}.Debug|Any CPU.ActiveCfg = Debug|Any CPU
		{53A12203-2899-40B2-A181-E473348028EE}.Debug|Any CPU.Build.0 = Debug|Any CPU
		{53A12203-2899-40B2-A181-E473348028EE}.Debug|ARM.ActiveCfg = Debug|Any CPU
		{53A12203-2899-40B2-A181-E473348028EE}.Debug|ARM.Build.0 = Debug|Any CPU
		{53A12203-2899-40B2-A181-E473348028EE}.Debug|iPhone.ActiveCfg = Debug|Any CPU
		{53A12203-2899-40B2-A181-E473348028EE}.Debug|iPhone.Build.0 = Debug|Any CPU
		{53A12203-2899-40B2-A181-E473348028EE}.Debug|iPhoneSimulator.ActiveCfg = Debug|Any CPU
		{53A12203-2899-40B2-A181-E473348028EE}.Debug|iPhoneSimulator.Build.0 = Debug|Any CPU
		{53A12203-2899-40B2-A181-E473348028EE}.Debug|x64.ActiveCfg = Debug|Any CPU
		{53A12203-2899-40B2-A181-E473348028EE}.Debug|x64.Build.0 = Debug|Any CPU
		{53A12203-2899-40B2-A181-E473348028EE}.Debug|x86.ActiveCfg = Debug|Any CPU
		{53A12203-2899-40B2-A181-E473348028EE}.Debug|x86.Build.0 = Debug|Any CPU
		{53A12203-2899-40B2-A181-E473348028EE}.Release|Any CPU.ActiveCfg = Release|Any CPU
		{53A12203-2899-40B2-A181-E473348028EE}.Release|Any CPU.Build.0 = Release|Any CPU
		{53A12203-2899-40B2-A181-E473348028EE}.Release|ARM.ActiveCfg = Release|Any CPU
		{53A12203-2899-40B2-A181-E473348028EE}.Release|ARM.Build.0 = Release|Any CPU
		{53A12203-2899-40B2-A181-E473348028EE}.Release|iPhone.ActiveCfg = Release|Any CPU
		{53A12203-2899-40B2-A181-E473348028EE}.Release|iPhone.Build.0 = Release|Any CPU
		{53A12203-2899-40B2-A181-E473348028EE}.Release|iPhoneSimulator.ActiveCfg = Release|Any CPU
		{53A12203-2899-40B2-A181-E473348028EE}.Release|iPhoneSimulator.Build.0 = Release|Any CPU
		{53A12203-2899-40B2-A181-E473348028EE}.Release|x64.ActiveCfg = Release|Any CPU
		{53A12203-2899-40B2-A181-E473348028EE}.Release|x64.Build.0 = Release|Any CPU
		{53A12203-2899-40B2-A181-E473348028EE}.Release|x86.ActiveCfg = Release|Any CPU
		{53A12203-2899-40B2-A181-E473348028EE}.Release|x86.Build.0 = Release|Any CPU
	EndGlobalSection
	GlobalSection(SolutionProperties) = preSolution
		HideSolutionNode = FALSE
	EndGlobalSection
	GlobalSection(ExtensibilityGlobals) = postSolution
		SolutionGuid = {F6434501-FFDF-411D-A0E5-36D4F3B70B16}
	EndGlobalSection
EndGlobal
